{
  "originHash" : "573c6d52e2559635c3902366a32420d589b599450ff993269376cd635a27cf45",
  "pins" : [
    {
      "identity" : "swift-argument-parser",
      "kind" : "remoteSourceControl",
      "location" : "https://github.com/apple/swift-argument-parser",
      "state" : {
        "revision" : "6a52f3251125d74daf04fcbd5e6f08a75d074382",
        "version" : "1.8.2"
      }
    },
    {
      "identity" : "swiftterm",
      "kind" : "remoteSourceControl",
      "location" : "https://github.com/canbyte0/SwiftTerm.git",
      "state" : {
        "revision" : "771e79f092a26e7fba7af0ab2b09a2bf10213109"
      }
    }
  ],
  "version" : 3
}
